
Microsoft Visual Studio Solution File, Format Version 12.00
Project("{FAE04EC0-301F-11D3-BF4B-00C04F79EFBC}") = "Task_one", "Task_one\Task_one.csproj", "{EAA13068-1F11-48E7-AB3B-209259060EA2}"
EndProject
Project("{FAE04EC0-301F-11D3-BF4B-00C04F79EFBC}") = "Task_two", "Task_two\Task_two.csproj", "{692F8F67-FCA5-470C-8147-CC525DD8031F}"
EndProject
Project("{FAE04EC0-301F-11D3-BF4B-00C04F79EFBC}") = "Task_three", "Task_three\Task_three.csproj", "{2ADE7F7C-F038-4570-8701-5C036C64CE0D}"
EndProject
Project("{FAE04EC0-301F-11D3-BF4B-00C04F79EFBC}") = "Task_four", "Task_four\Task_four.csproj", "{9FC8524F-5AB9-46AD-AE68-1691B7C34A95}"
EndProject
Project("{FAE04EC0-301F-11D3-BF4B-00C04F79EFBC}") = "Task_five", "Task_five \Task_five.csproj", "{A812DA57-E4A0-4E1A-9621-42CC7869855D}"
EndProject
Project("{FAE04EC0-301F-11D3-BF4B-00C04F79EFBC}") = "Task_six", "Task_six \Task_six.csproj", "{C7F6E771-B35B-49B8-AD3B-9419A5A198F5}"
EndProject
Global
	GlobalSection(SolutionConfigurationPlatforms) = preSolution
		Debug|Any CPU = Debug|Any CPU
		Release|Any CPU = Release|Any CPU
	EndGlobalSection
	GlobalSection(ProjectConfigurationPlatforms) = postSolution
		{EAA13068-1F11-48E7-AB3B-209259060EA2}.Debug|Any CPU.ActiveCfg = Debug|Any CPU
		{EAA13068-1F11-48E7-AB3B-209259060EA2}.Debug|Any CPU.Build.0 = Debug|Any CPU
		{EAA13068-1F11-48E7-AB3B-209259060EA2}.Release|Any CPU.ActiveCfg = Release|Any CPU
		{EAA13068-1F11-48E7-AB3B-209259060EA2}.Release|Any CPU.Build.0 = Release|Any CPU
		{692F8F67-FCA5-470C-8147-CC525DD8031F}.Debug|Any CPU.ActiveCfg = Debug|Any CPU
		{692F8F67-FCA5-470C-8147-CC525DD8031F}.Debug|Any CPU.Build.0 = Debug|Any CPU
		{692F8F67-FCA5-470C-8147-CC525DD8031F}.Release|Any CPU.ActiveCfg = Release|Any CPU
		{692F8F67-FCA5-470C-8147-CC525DD8031F}.Release|Any CPU.Build.0 = Release|Any CPU
		{2ADE7F7C-F038-4570-8701-5C036C64CE0D}.Debug|Any CPU.ActiveCfg = Debug|Any CPU
		{2ADE7F7C-F038-4570-8701-5C036C64CE0D}.Debug|Any CPU.Build.0 = Debug|Any CPU
		{2ADE7F7C-F038-4570-8701-5C036C64CE0D}.Release|Any CPU.ActiveCfg = Release|Any CPU
		{2ADE7F7C-F038-4570-8701-5C036C64CE0D}.Release|Any CPU.Build.0 = Release|Any CPU
		{9FC8524F-5AB9-46AD-AE68-1691B7C34A95}.Debug|Any CPU.ActiveCfg = Debug|Any CPU
		{9FC8524F-5AB9-46AD-AE68-1691B7C34A95}.Debug|Any CPU.Build.0 = Debug|Any CPU
		{9FC8524F-5AB9-46AD-AE68-1691B7C34A95}.Release|Any CPU.ActiveCfg = Release|Any CPU
		{9FC8524F-5AB9-46AD-AE68-1691B7C34A95}.Release|Any CPU.Build.0 = Release|Any CPU
		{A812DA57-E4A0-4E1A-9621-42CC7869855D}.Debug|Any CPU.ActiveCfg = Debug|Any CPU
		{A812DA57-E4A0-4E1A-9621-42CC7869855D}.Debug|Any CPU.Build.0 = Debug|Any CPU
		{A812DA57-E4A0-4E1A-9621-42CC7869855D}.Release|Any CPU.ActiveCfg = Release|Any CPU
		{A812DA57-E4A0-4E1A-9621-42CC7869855D}.Release|Any CPU.Build.0 = Release|Any CPU
		{C7F6E771-B35B-49B8-AD3B-9419A5A198F5}.Debug|Any CPU.ActiveCfg = Debug|Any CPU
		{C7F6E771-B35B-49B8-AD3B-9419A5A198F5}.Debug|Any CPU.Build.0 = Debug|Any CPU
		{C7F6E771-B35B-49B8-AD3B-9419A5A198F5}.Release|Any CPU.ActiveCfg = Release|Any CPU
		{C7F6E771-B35B-49B8-AD3B-9419A5A198F5}.Release|Any CPU.Build.0 = Release|Any CPU
	EndGlobalSection
EndGlobal
